
Microsoft Visual Studio Solution File, Format Version 12.00
# Visual Studio Version 16
VisualStudioVersion = 16.0.29911.84
MinimumVisualStudioVersion = 10.0.40219.1
Project("{FAE04EC0-301F-11D3-BF4B-00C04F79EFBC}") = "TrashCollectorWebApp", "TrashCollectorWebApp\TrashCollectorWebApp.csproj", "{975515A5-CDEE-4C21-A2BA-7260B8CE06A5}"
EndProject
Global
	GlobalSection(SolutionConfigurationPlatforms) = preSolution
		Debug|Any CPU = Debug|Any CPU
		Release|Any CPU = Release|Any CPU
	EndGlobalSection
	GlobalSection(ProjectConfigurationPlatforms) = postSolution
		{975515A5-CDEE-4C21-A2BA-7260B8CE06A5}.Debug|Any CPU.ActiveCfg = Debug|Any CPU
		{975515A5-CDEE-4C21-A2BA-7260B8CE06A5}.Debug|Any CPU.Build.0 = Debug|Any CPU
		{975515A5-CDEE-4C21-A2BA-7260B8CE06A5}.Release|Any CPU.ActiveCfg = Release|Any CPU
		{975515A5-CDEE-4C21-A2BA-7260B8CE06A5}.Release|Any CPU.Build.0 = Release|Any CPU
	EndGlobalSection
	GlobalSection(SolutionProperties) = preSolution
		HideSolutionNode = FALSE
	EndGlobalSection
	GlobalSection(ExtensibilityGlobals) = postSolution
		SolutionGuid = {226AACE0-49B4-4ABA-ABBB-DA3A03BFD01F}
	EndGlobalSection
EndGlobal
